// !$*UTF8*$!
{
	archiveVersion = 1;
	classes = {
	};
	objectVersion = 56;
	objects = {

/* Begin PBXBuildFile section */
		F003CC952ABD7C7D00F60C49 /* AppIntentUnitVolumeBugUnderEnGBApp.swift in Sources */ = {isa = PBXBuildFile; fileRef = F003CC942ABD7C7D00F60C49 /* AppIntentUnitVolumeBugUnderEnGBApp.swift */; };
		F003CC972ABD7C7D00F60C49 /* ContentView.swift in Sources */ = {isa = PBXBuildFile; fileRef = F003CC962ABD7C7D00F60C49 /* ContentView.swift */; };
		F003CC992ABD7C7E00F60C49 /* Assets.xcassets in Resources */ = {isa = PBXBuildFile; fileRef = F003CC982ABD7C7E00F60C49 /* Assets.xcassets */; };
		F003CC9C2ABD7C7E00F60C49 /* Preview Assets.xcassets in Resources */ = {isa = PBXBuildFile; fileRef = F003CC9B2ABD7C7E00F60C49 /* Preview Assets.xcassets */; };
		F003CCA32ABD7CB000F60C49 /* ShowVolumeIntent.swift in Sources */ = {isa = PBXBuildFile; fileRef = F003CCA22ABD7CB000F60C49 /* ShowVolumeIntent.swift */; };
/* End PBXBuildFile section */

/* Begin PBXFileReference section */
		F003CC912ABD7C7D00F60C49 /* AppIntentUnitVolumeBugUnderEnGB.app */ = {isa = PBXFileReference; explicitFileType = wrapper.application; includeInIndex = 0; path = AppIntentUnitVolumeBugUnderEnGB.app; sourceTree = BUILT_PRODUCTS_DIR; };
		F003CC942ABD7C7D00F60C49 /* AppIntentUnitVolumeBugUnderEnGBApp.swift */ = {isa = PBXFileReference; lastKnownFileType = sourcecode.swift; path = AppIntentUnitVolumeBugUnderEnGBApp.swift; sourceTree = "<group>"; };
		F003CC962ABD7C7D00F60C49 /* ContentView.swift */ = {isa = PBXFileReference; lastKnownFileType = sourcecode.swift; path = ContentView.swift; sourceTree = "<group>"; };
		F003CC982ABD7C7E00F60C49 /* Assets.xcassets */ = {isa = PBXFileReference; lastKnownFileType = folder.assetcatalog; path = Assets.xcassets; sourceTree = "<group>"; };
		F003CC9B2ABD7C7E00F60C49 /* Preview Assets.xcassets */ = {isa = PBXFileReference; lastKnownFileType = folder.assetcatalog; path = "Preview Assets.xcassets"; sourceTree = "<group>"; };
		F003CCA22ABD7CB000F60C49 /* ShowVolumeIntent.swift */ = {isa = PBXFileReference; lastKnownFileType = sourcecode.swift; path = ShowVolumeIntent.swift; sourceTree = "<group>"; };
/* End PBXFileReference section */

/* Begin PBXFrameworksBuildPhase section */
		F003CC8E2ABD7C7D00F60C49 /* Frameworks */ = {
			isa = PBXFrameworksBuildPhase;
			buildActionMask = 2147483647;
			files = (
			);
			runOnlyForDeploymentPostprocessing = 0;
		};
/* End PBXFrameworksBuildPhase section */

/* Begin PBXGroup section */
		F003CC882ABD7C7D00F60C49 = {
			isa = PBXGroup;
			children = (
				F003CC932ABD7C7D00F60C49 /* AppIntentUnitVolumeBugUnderEnGB */,
				F003CC922ABD7C7D00F60C49 /* Products */,
			);
			sourceTree = "<group>";
		};
		F003CC922ABD7C7D00F60C49 /* Products */ = {
			isa = PBXGroup;
			children = (
				F003CC912ABD7C7D00F60C49 /* AppIntentUnitVolumeBugUnderEnGB.app */,
			);
			name = Products;
			sourceTree = "<group>";
		};
		F003CC932ABD7C7D00F60C49 /* AppIntentUnitVolumeBugUnderEnGB */ = {
			isa = PBXGroup;
			children = (
				F003CC942ABD7C7D00F60C49 /* AppIntentUnitVolumeBugUnderEnGBApp.swift */,
				F003CC962ABD7C7D00F60C49 /* ContentView.swift */,
				F003CC982ABD7C7E00F60C49 /* Assets.xcassets */,
				F003CC9A2ABD7C7E00F60C49 /* Preview Content */,
				F003CCA22ABD7CB000F60C49 /* ShowVolumeIntent.swift */,
			);
			path = AppIntentUnitVolumeBugUnderEnGB;
			sourceTree = "<group>";
		};
		F003CC9A2ABD7C7E00F60C49 /* Preview Content */ = {
			isa = PBXGroup;
			children = (
				F003CC9B2ABD7C7E00F60C49 /* Preview Assets.xcassets */,
			);
			path = "Preview Content";
			sourceTree = "<group>";
		};
/* End PBXGroup section */

/* Begin PBXNativeTarget section */
		F003CC902ABD7C7D00F60C49 /* AppIntentUnitVolumeBugUnderEnGB */ = {
			isa = PBXNativeTarget;
			buildConfigurationList = F003CC9F2ABD7C7E00F60C49 /* Build configuration list for PBXNativeTarget "AppIntentUnitVolumeBugUnderEnGB" */;
			buildPhases = (
				F003CC8D2ABD7C7D00F60C49 /* Sources */,
				F003CC8E2ABD7C7D00F60C49 /* Frameworks */,
				F003CC8F2ABD7C7D00F60C49 /* Resources */,
			);
			buildRules = (
			);
			dependencies = (
			);
			name = AppIntentUnitVolumeBugUnderEnGB;
			productName = AppIntentUnitVolumeBugUnderEnGB;
			productReference = F003CC912ABD7C7D00F60C49 /* AppIntentUnitVolumeBugUnderEnGB.app */;
			productType = "com.apple.product-type.application";
		};
/* End PBXNativeTarget section */

/* Begin PBXProject section */
		F003CC892ABD7C7D00F60C49 /* Project object */ = {
			isa = PBXProject;
			attributes = {
				BuildIndependentTargetsInParallel = 1;
				LastSwiftUpdateCheck = 1500;
				LastUpgradeCheck = 1500;
				TargetAttributes = {
					F003CC902ABD7C7D00F60C49 = {
						CreatedOnToolsVersion = 15.0;
					};
				};
			};
			buildConfigurationList = F003CC8C2ABD7C7D00F60C49 /* Build configuration list for PBXProject "AppIntentUnitVolumeBugUnderEnGB" */;
			compatibilityVersion = "Xcode 14.0";
			developmentRegion = en;
			hasScannedForEncodings = 0;
			knownRegions = (
				en,
				Base,
			);
			mainGroup = F003CC882ABD7C7D00F60C49;
			productRefGroup = F003CC922ABD7C7D00F60C49 /* Products */;
			projectDirPath = "";
			projectRoot = "";
			targets = (
				F003CC902ABD7C7D00F60C49 /* AppIntentUnitVolumeBugUnderEnGB */,
			);
		};
/* End PBXProject section */

/* Begin PBXResourcesBuildPhase section */
		F003CC8F2ABD7C7D00F60C49 /* Resources */ = {
			isa = PBXResourcesBuildPhase;
			buildActionMask = 2147483647;
			files = (
				F003CC9C2ABD7C7E00F60C49 /* Preview Assets.xcassets in Resources */,
				F003CC992ABD7C7E00F60C49 /* Assets.xcassets in Resources */,
			);
			runOnlyForDeploymentPostprocessing = 0;
		};
/* End PBXResourcesBuildPhase section */

/* Begin PBXSourcesBuildPhase section */
		F003CC8D2ABD7C7D00F60C49 /* Sources */ = {
			isa = PBXSourcesBuildPhase;
			buildActionMask = 2147483647;
			files = (
				F003CC972ABD7C7D00F60C49 /* ContentView.swift in Sources */,
				F003CCA32ABD7CB000F60C49 /* ShowVolumeIntent.swift in Sources */,
				F003CC952ABD7C7D00F60C49 /* AppIntentUnitVolumeBugUnderEnGBApp.swift in Sources */,
			);
			runOnlyForDeploymentPostprocessing = 0;
		};
/* End PBXSourcesBuildPhase section */

/* Begin XCBuildConfiguration section */
		F003CC9D2ABD7C7E00F60C49 /* Debug */ = {
			isa = XCBuildConfiguration;
			buildSettings = {
				ALWAYS_SEARCH_USER_PATHS = NO;
				ASSETCATALOG_COMPILER_GENERATE_SWIFT_ASSET_SYMBOL_EXTENSIONS = YES;
				CLANG_ANALYZER_NONNULL = YES;
				CLANG_ANALYZER_NUMBER_OBJECT_CONVERSION = YES_AGGRESSIVE;
				CLANG_CXX_LANGUAGE_STANDARD = "gnu++20";
				CLANG_ENABLE_MODULES = YES;
				CLANG_ENABLE_OBJC_ARC = YES;
				CLANG_ENABLE_OBJC_WEAK = YES;
				CLANG_WARN_BLOCK_CAPTURE_AUTORELEASING = YES;
				CLANG_WARN_BOOL_CONVERSION = YES;
				CLANG_WARN_COMMA = YES;
				CLANG_WARN_CONSTANT_CONVERSION = YES;
				CLANG_WARN_DEPRECATED_OBJC_IMPLEMENTATIONS = YES;
				CLANG_WARN_DIRECT_OBJC_ISA_USAGE = YES_ERROR;
				CLANG_WARN_DOCUMENTATION_COMMENTS = YES;
				CLANG_WARN_EMPTY_BODY = YES;
				CLANG_WARN_ENUM_CONVERSION = YES;
				CLANG_WARN_INFINITE_RECURSION = YES;
				CLANG_WARN_INT_CONVERSION = YES;
				CLANG_WARN_NON_LITERAL_NULL_CONVERSION = YES;
				CLANG_WARN_OBJC_IMPLICIT_RETAIN_SELF = YES;
				CLANG_WARN_OBJC_LITERAL_CONVERSION = YES;
				CLANG_WARN_OBJC_ROOT_CLASS = YES_ERROR;
				CLANG_WARN_QUOTED_INCLUDE_IN_FRAMEWORK_HEADER = YES;
				CLANG_WARN_RANGE_LOOP_ANALYSIS = YES;
				CLANG_WARN_STRICT_PROTOTYPES = YES;
				CLANG_WARN_SUSPICIOUS_MOVE = YES;
				CLANG_WARN_UNGUARDED_AVAILABILITY = YES_AGGRESSIVE;
				CLANG_WARN_UNREACHABLE_CODE = YES;
				CLANG_WARN__DUPLICATE_METHOD_MATCH = YES;
				COPY_PHASE_STRIP = NO;
				DEBUG_INFORMATION_FORMAT = dwarf;
				ENABLE_STRICT_OBJC_MSGSEND = YES;
				ENABLE_TESTABILITY = YES;
				ENABLE_USER_SCRIPT_SANDBOXING = YES;
				GCC_C_LANGUAGE_STANDARD = gnu17;
				GCC_DYNAMIC_NO_PIC = NO;
				GCC_NO_COMMON_BLOCKS = YES;
				GCC_OPTIMIZATION_LEVEL = 0;
				GCC_PREPROCESSOR_DEFINITIONS = (
					"DEBUG=1",
					"$(inherited)",
				);
				GCC_WARN_64_TO_32_BIT_CONVERSION = YES;
				GCC_WARN_ABOUT_RETURN_TYPE = YES_ERROR;
				GCC_WARN_UNDECLARED_SELECTOR = YES;
				GCC_WARN_UNINITIALIZED_AUTOS = YES_AGGRESSIVE;
				GCC_WARN_UNUSED_FUNCTION = YES;
				GCC_WARN_UNUSED_VARIABLE = YES;
				IPHONEOS_DEPLOYMENT_TARGET = 17.0;
				LOCALIZATION_PREFERS_STRING_CATALOGS = YES;
				MTL_ENABLE_DEBUG_INFO = INCLUDE_SOURCE;
				MTL_FAST_MATH = YES;
				ONLY_ACTIVE_ARCH = YES;
				SDKROOT = iphoneos;
				SWIFT_ACTIVE_COMPILATION_CONDITIONS = "DEBUG $(inherited)";
				SWIFT_OPTIMIZATION_LEVEL = "-Onone";
			};
			name = Debug;
		};
		F003CC9E2ABD7C7E00F60C49 /* Release */ = {
			isa = XCBuildConfiguration;
			buildSettings = {
				ALWAYS_SEARCH_USER_PATHS = NO;
				ASSETCATALOG_COMPILER_GENERATE_SWIFT_ASSET_SYMBOL_EXTENSIONS = YES;
				CLANG_ANALYZER_NONNULL = YES;
				CLANG_ANALYZER_NUMBER_OBJECT_CONVERSION = YES_AGGRESSIVE;
				CLANG_CXX_LANGUAGE_STANDARD = "gnu++20";
				CLANG_ENABLE_MODULES = YES;
				CLANG_ENABLE_OBJC_ARC = YES;
				CLANG_ENABLE_OBJC_WEAK = YES;
				CLANG_WARN_BLOCK_CAPTURE_AUTORELEASING = YES;
				CLANG_WARN_BOOL_CONVERSION = YES;
				CLANG_WARN_COMMA = YES;
				CLANG_WARN_CONSTANT_CONVERSION = YES;
				CLANG_WARN_DEPRECATED_OBJC_IMPLEMENTATIONS = YES;
				CLANG_WARN_DIRECT_OBJC_ISA_USAGE = YES_ERROR;
				CLANG_WARN_DOCUMENTATION_COMMENTS = YES;
				CLANG_WARN_EMPTY_BODY = YES;
				CLANG_WARN_ENUM_CONVERSION = YES;
				CLANG_WARN_INFINITE_RECURSION = YES;
				CLANG_WARN_INT_CONVERSION = YES;
				CLANG_WARN_NON_LITERAL_NULL_CONVERSION = YES;
				CLANG_WARN_OBJC_IMPLICIT_RETAIN_SELF = YES;
				CLANG_WARN_OBJC_LITERAL_CONVERSION = YES;
				CLANG_WARN_OBJC_ROOT_CLASS = YES_ERROR;
				CLANG_WARN_QUOTED_INCLUDE_IN_FRAMEWORK_HEADER = YES;
				CLANG_WARN_RANGE_LOOP_ANALYSIS = YES;
				CLANG_WARN_STRICT_PROTOTYPES = YES;
				CLANG_WARN_SUSPICIOUS_MOVE = YES;
				CLANG_WARN_UNGUARDED_AVAILABILITY = YES_AGGRESSIVE;
				CLANG_WARN_UNREACHABLE_CODE = YES;
				CLANG_WARN__DUPLICATE_METHOD_MATCH = YES;
				COPY_PHASE_STRIP = NO;
				DEBUG_INFORMATION_FORMAT = "dwarf-with-dsym";
				ENABLE_NS_ASSERTIONS = NO;
				ENABLE_STRICT_OBJC_MSGSEND = YES;
				ENABLE_USER_SCRIPT_SANDBOXING = YES;
				GCC_C_LANGUAGE_STANDARD = gnu17;
				GCC_NO_COMMON_BLOCKS = YES;
				GCC_WARN_64_TO_32_BIT_CONVERSION = YES;
				GCC_WARN_ABOUT_RETURN_TYPE = YES_ERROR;
				GCC_WARN_UNDECLARED_SELECTOR = YES;
				GCC_WARN_UNINITIALIZED_AUTOS = YES_AGGRESSIVE;
				GCC_WARN_UNUSED_FUNCTION = YES;
				GCC_WARN_UNUSED_VARIABLE = YES;
				IPHONEOS_DEPLOYMENT_TARGET = 17.0;
				LOCALIZATION_PREFERS_STRING_CATALOGS = YES;
				MTL_ENABLE_DEBUG_INFO = NO;
				MTL_FAST_MATH = YES;
				SDKROOT = iphoneos;
				SWIFT_COMPILATION_MODE = wholemodule;
				VALIDATE_PRODUCT = YES;
			};
			name = Release;
		};
		F003CCA02ABD7C7E00F60C49 /* Debug */ = {
			isa = XCBuildConfiguration;
			buildSettings = {
				ASSETCATALOG_COMPILER_APPICON_NAME = AppIcon;
				ASSETCATALOG_COMPILER_GLOBAL_ACCENT_COLOR_NAME = AccentColor;
				CODE_SIGN_STYLE = Automatic;
				CURRENT_PROJECT_VERSION = 1;
				DEVELOPMENT_ASSET_PATHS = "\"AppIntentUnitVolumeBugUnderEnGB/Preview Content\"";
				DEVELOPMENT_TEAM = "";
				ENABLE_PREVIEWS = YES;
				GENERATE_INFOPLIST_FILE = YES;
				INFOPLIST_KEY_UIApplicationSceneManifest_Generation = YES;
				INFOPLIST_KEY_UIApplicationSupportsIndirectInputEvents = YES;
				INFOPLIST_KEY_UILaunchScreen_Generation = YES;
				INFOPLIST_KEY_UISupportedInterfaceOrientations_iPad = "UIInterfaceOrientationPortrait UIInterfaceOrientationPortraitUpsideDown UIInterfaceOrientationLandscapeLeft UIInterfaceOrientationLandscapeRight";
				INFOPLIST_KEY_UISupportedInterfaceOrientations_iPhone = "UIInterfaceOrientationPortrait UIInterfaceOrientationLandscapeLeft UIInterfaceOrientationLandscapeRight";
				LD_RUNPATH_SEARCH_PATHS = (
					"$(inherited)",
					"@executable_path/Frameworks",
				);
				MARKETING_VERSION = 1.0;
				PRODUCT_BUNDLE_IDENTIFIER = io.gongzhang.AppIntentUnitVolumeBugUnderEnGB;
				PRODUCT_NAME = "$(TARGET_NAME)";
				SWIFT_EMIT_LOC_STRINGS = YES;
				SWIFT_VERSION = 5.0;
				TARGETED_DEVICE_FAMILY = "1,2";
			};
			name = Debug;
		};
		F003CCA12ABD7C7E00F60C49 /* Release */ = {
			isa = XCBuildConfiguration;
			buildSettings = {
				ASSETCATALOG_COMPILER_APPICON_NAME = AppIcon;
				ASSETCATALOG_COMPILER_GLOBAL_ACCENT_COLOR_NAME = AccentColor;
				CODE_SIGN_STYLE = Automatic;
				CURRENT_PROJECT_VERSION = 1;
				DEVELOPMENT_ASSET_PATHS = "\"AppIntentUnitVolumeBugUnderEnGB/Preview Content\"";
				DEVELOPMENT_TEAM = "";
				ENABLE_PREVIEWS = YES;
				GENERATE_INFOPLIST_FILE = YES;
				INFOPLIST_KEY_UIApplicationSceneManifest_Generation = YES;
				INFOPLIST_KEY_UIApplicationSupportsIndirectInputEvents = YES;
				INFOPLIST_KEY_UILaunchScreen_Generation = YES;
				INFOPLIST_KEY_UISupportedInterfaceOrientations_iPad = "UIInterfaceOrientationPortrait UIInterfaceOrientationPortraitUpsideDown UIInterfaceOrientationLandscapeLeft UIInterfaceOrientationLandscapeRight";
				INFOPLIST_KEY_UISupportedInterfaceOrientations_iPhone = "UIInterfaceOrientationPortrait UIInterfaceOrientationLandscapeLeft UIInterfaceOrientationLandscapeRight";
				LD_RUNPATH_SEARCH_PATHS = (
					"$(inherited)",
					"@executable_path/Frameworks",
				);
				MARKETING_VERSION = 1.0;
				PRODUCT_BUNDLE_IDENTIFIER = io.gongzhang.AppIntentUnitVolumeBugUnderEnGB;
				PRODUCT_NAME = "$(TARGET_NAME)";
				SWIFT_EMIT_LOC_STRINGS = YES;
				SWIFT_VERSION = 5.0;
				TARGETED_DEVICE_FAMILY = "1,2";
			};
			name = Release;
		};
/* End XCBuildConfiguration section */

/* Begin XCConfigurationList section */
		F003CC8C2ABD7C7D00F60C49 /* Build configuration list for PBXProject "AppIntentUnitVolumeBugUnderEnGB" */ = {
			isa = XCConfigurationList;
			buildConfigurations = (
				F003CC9D2ABD7C7E00F60C49 /* Debug */,
				F003CC9E2ABD7C7E00F60C49 /* Release */,
			);
			defaultConfigurationIsVisible = 0;
			defaultConfigurationName = Release;
		};
		F003CC9F2ABD7C7E00F60C49 /* Build configuration list for PBXNativeTarget "AppIntentUnitVolumeBugUnderEnGB" */ = {
			isa = XCConfigurationList;
			buildConfigurations = (
				F003CCA02ABD7C7E00F60C49 /* Debug */,
				F003CCA12ABD7C7E00F60C49 /* Release */,
			);
			defaultConfigurationIsVisible = 0;
			defaultConfigurationName = Release;
		};
/* End XCConfigurationList section */
	};
	rootObject = F003CC892ABD7C7D00F60C49 /* Project object */;
}
